
Microsoft Visual Studio Solution File, Format Version 12.00
# Visual Studio Version 17
VisualStudioVersion = 17.5.33627.172
MinimumVisualStudioVersion = 10.0.40219.1
Project("{FAE04EC0-301F-11D3-BF4B-00C04F79EFBC}") = "Weatherio", "Weatherio\Weatherio.csproj", "{F87566F0-BD43-48C1-8C00-60DD66DB444E}"
EndProject
Global
	GlobalSection(SolutionConfigurationPlatforms) = preSolution
		Debug|Any CPU = Debug|Any CPU
		Release|Any CPU = Release|Any CPU
	EndGlobalSection
	GlobalSection(ProjectConfigurationPlatforms) = postSolution
		{F87566F0-BD43-48C1-8C00-60DD66DB444E}.Debug|Any CPU.ActiveCfg = Debug|Any CPU
		{F87566F0-BD43-48C1-8C00-60DD66DB444E}.Debug|Any CPU.Build.0 = Debug|Any CPU
		{F87566F0-BD43-48C1-8C00-60DD66DB444E}.Release|Any CPU.ActiveCfg = Release|Any CPU
		{F87566F0-BD43-48C1-8C00-60DD66DB444E}.Release|Any CPU.Build.0 = Release|Any CPU
	EndGlobalSection
	GlobalSection(SolutionProperties) = preSolution
		HideSolutionNode = FALSE
	EndGlobalSection
	GlobalSection(ExtensibilityGlobals) = postSolution
		SolutionGuid = {81F61820-F4E5-47A6-965C-DFE3E346747D}
	EndGlobalSection
EndGlobal
